// !$*UTF8*$!
{
	archiveVersion = 1;
	classes = {
	};
	objectVersion = 50;
	objects = {

/* Begin PBXBuildFile section */
		064EAFC4AA0006B98398AB6C /* Pods_Weather.framework in Frameworks */ = {isa = PBXBuildFile; fileRef = 41CDBC1460FFBDE280F65BCF /* Pods_Weather.framework */; };
		601457FB215336E400A7C233 /* SF-Pro-Display-Bold.otf in Resources */ = {isa = PBXBuildFile; fileRef = 601457FA215336DF00A7C233 /* SF-Pro-Display-Bold.otf */; };
		601457FD21533E7200A7C233 /* HourCell.swift in Sources */ = {isa = PBXBuildFile; fileRef = 601457FC21533E7200A7C233 /* HourCell.swift */; };
		601457FF21533ECE00A7C233 /* HourCollectionView.swift in Sources */ = {isa = PBXBuildFile; fileRef = 601457FE21533ECE00A7C233 /* HourCollectionView.swift */; };
		601458012154015200A7C233 /* Extensions.swift in Sources */ = {isa = PBXBuildFile; fileRef = 601458002154015200A7C233 /* Extensions.swift */; };
		6014580721540F5100A7C233 /* Location.swift in Sources */ = {isa = PBXBuildFile; fileRef = 6014580621540F5100A7C233 /* Location.swift */; };
		6014580921540F5A00A7C233 /* City.swift in Sources */ = {isa = PBXBuildFile; fileRef = 6014580821540F5A00A7C233 /* City.swift */; };
		6014580B2154280000A7C233 /* WeatherFilters.swift in Sources */ = {isa = PBXBuildFile; fileRef = 6014580A2154280000A7C233 /* WeatherFilters.swift */; };
		6014580D21542E9800A7C233 /* CollectionViewData.swift in Sources */ = {isa = PBXBuildFile; fileRef = 6014580C21542E9800A7C233 /* CollectionViewData.swift */; };
		60359EFB2163E31B00CA9594 /* wind.gif in Resources */ = {isa = PBXBuildFile; fileRef = 60359EF92163E31B00CA9594 /* wind.gif */; };
		60359EFC2163E31B00CA9594 /* humidity.gif in Resources */ = {isa = PBXBuildFile; fileRef = 60359EFA2163E31B00CA9594 /* humidity.gif */; };
		6038146221509C200060DAB0 /* AppDelegate.swift in Sources */ = {isa = PBXBuildFile; fileRef = 6038146121509C200060DAB0 /* AppDelegate.swift */; };
		6038146421509C210060DAB0 /* ViewController.swift in Sources */ = {isa = PBXBuildFile; fileRef = 6038146321509C210060DAB0 /* ViewController.swift */; };
		6038146721509C210060DAB0 /* Main.storyboard in Resources */ = {isa = PBXBuildFile; fileRef = 6038146521509C210060DAB0 /* Main.storyboard */; };
		6038146921509C220060DAB0 /* Assets.xcassets in Resources */ = {isa = PBXBuildFile; fileRef = 6038146821509C220060DAB0 /* Assets.xcassets */; };
		6038146C21509C220060DAB0 /* LaunchScreen.storyboard in Resources */ = {isa = PBXBuildFile; fileRef = 6038146A21509C220060DAB0 /* LaunchScreen.storyboard */; };
		6038147721509C220060DAB0 /* WeatherTests.swift in Sources */ = {isa = PBXBuildFile; fileRef = 6038147621509C220060DAB0 /* WeatherTests.swift */; };
		6038148221509C220060DAB0 /* WeatherUITests.swift in Sources */ = {isa = PBXBuildFile; fileRef = 6038148121509C220060DAB0 /* WeatherUITests.swift */; };
		603814992152EF790060DAB0 /* SF-Pro-Display-Thin.otf in Resources */ = {isa = PBXBuildFile; fileRef = 603814982152EEF50060DAB0 /* SF-Pro-Display-Thin.otf */; };
		6038149B2152F05B0060DAB0 /* SF-Pro-Display-Ultralight.otf in Resources */ = {isa = PBXBuildFile; fileRef = 6038149A2152F05A0060DAB0 /* SF-Pro-Display-Ultralight.otf */; };
		6038149D2152F8380060DAB0 /* DayCell.swift in Sources */ = {isa = PBXBuildFile; fileRef = 6038149C2152F8380060DAB0 /* DayCell.swift */; };
		603D42A52192622E00444D58 /* SettingsTableViewController.swift in Sources */ = {isa = PBXBuildFile; fileRef = 603D42A42192622E00444D58 /* SettingsTableViewController.swift */; };
		603D42A72192630700444D58 /* SettingsData.swift in Sources */ = {isa = PBXBuildFile; fileRef = 603D42A62192630700444D58 /* SettingsData.swift */; };
		603D42A92192635500444D58 /* SettingsTableViewCell.swift in Sources */ = {isa = PBXBuildFile; fileRef = 603D42A82192635500444D58 /* SettingsTableViewCell.swift */; };
		6075AA07215321B5008D7EAB /* CitiesTableViewController.swift in Sources */ = {isa = PBXBuildFile; fileRef = 6075AA06215321B5008D7EAB /* CitiesTableViewController.swift */; };
		6075AA0921532268008D7EAB /* CityTableViewCell.swift in Sources */ = {isa = PBXBuildFile; fileRef = 6075AA0821532268008D7EAB /* CityTableViewCell.swift */; };
		6083E0A421666E1D00CA3F85 /* data.json in Resources */ = {isa = PBXBuildFile; fileRef = 6083E0A321666E1D00CA3F85 /* data.json */; };
		60889381215BFC06004758FC /* TopDownSegue.swift in Sources */ = {isa = PBXBuildFile; fileRef = 60889380215BFC06004758FC /* TopDownSegue.swift */; };
		60C2DCE5215FE8E8003C998C /* RadarViewController.swift in Sources */ = {isa = PBXBuildFile; fileRef = 60C2DCE4215FE8E8003C998C /* RadarViewController.swift */; };
		60FE82C02159531B00DC3792 /* cities.json in Resources */ = {isa = PBXBuildFile; fileRef = 60FE82BF2159531A00DC3792 /* cities.json */; };
		60FE82C22159532E00DC3792 /* CityData.swift in Sources */ = {isa = PBXBuildFile; fileRef = 60FE82C12159532E00DC3792 /* CityData.swift */; };
		60FE82C42159708900DC3792 /* SearchTableViewController.swift in Sources */ = {isa = PBXBuildFile; fileRef = 60FE82C32159708900DC3792 /* SearchTableViewController.swift */; };
		60FE82C62159748E00DC3792 /* SearchCell.swift in Sources */ = {isa = PBXBuildFile; fileRef = 60FE82C52159748E00DC3792 /* SearchCell.swift */; };
		60FE83062159A07D00DC3792 /* Model.xcdatamodeld in Sources */ = {isa = PBXBuildFile; fileRef = 60FE83042159A07D00DC3792 /* Model.xcdatamodeld */; };
		79B5E9943139B4184B24C82E /* Pods_WeatherTests.framework in Frameworks */ = {isa = PBXBuildFile; fileRef = 238EA62F5066626D211FDCF5 /* Pods_WeatherTests.framework */; };
		AEA53AFEF44B152EC4A90123 /* Pods_WeatherUITests.framework in Frameworks */ = {isa = PBXBuildFile; fileRef = C269FBD9F6D16DBD917980EB /* Pods_WeatherUITests.framework */; };
/* End PBXBuildFile section */

/* Begin PBXContainerItemProxy section */
		6038147321509C220060DAB0 /* PBXContainerItemProxy */ = {
			isa = PBXContainerItemProxy;
			containerPortal = 6038145621509C200060DAB0 /* Project object */;
			proxyType = 1;
			remoteGlobalIDString = 6038145D21509C200060DAB0;
			remoteInfo = Weather;
		};
		6038147E21509C220060DAB0 /* PBXContainerItemProxy */ = {
			isa = PBXContainerItemProxy;
			containerPortal = 6038145621509C200060DAB0 /* Project object */;
			proxyType = 1;
			remoteGlobalIDString = 6038145D21509C200060DAB0;
			remoteInfo = Weather;
		};
/* End PBXContainerItemProxy section */

/* Begin PBXFileReference section */
		238EA62F5066626D211FDCF5 /* Pods_WeatherTests.framework */ = {isa = PBXFileReference; explicitFileType = wrapper.framework; includeInIndex = 0; path = Pods_WeatherTests.framework; sourceTree = BUILT_PRODUCTS_DIR; };
		41CDBC1460FFBDE280F65BCF /* Pods_Weather.framework */ = {isa = PBXFileReference; explicitFileType = wrapper.framework; includeInIndex = 0; path = Pods_Weather.framework; sourceTree = BUILT_PRODUCTS_DIR; };
		4D18D92B3B150D7F49A72228 /* Pods-Weather.release.xcconfig */ = {isa = PBXFileReference; includeInIndex = 1; lastKnownFileType = text.xcconfig; name = "Pods-Weather.release.xcconfig"; path = "Pods/Target Support Files/Pods-Weather/Pods-Weather.release.xcconfig"; sourceTree = "<group>"; };
		601457FA215336DF00A7C233 /* SF-Pro-Display-Bold.otf */ = {isa = PBXFileReference; lastKnownFileType = file; path = "SF-Pro-Display-Bold.otf"; sourceTree = "<group>"; };
		601457FC21533E7200A7C233 /* HourCell.swift */ = {isa = PBXFileReference; lastKnownFileType = sourcecode.swift; path = HourCell.swift; sourceTree = "<group>"; };
		601457FE21533ECE00A7C233 /* HourCollectionView.swift */ = {isa = PBXFileReference; lastKnownFileType = sourcecode.swift; path = HourCollectionView.swift; sourceTree = "<group>"; };
		601458002154015200A7C233 /* Extensions.swift */ = {isa = PBXFileReference; lastKnownFileType = sourcecode.swift; path = Extensions.swift; sourceTree = "<group>"; };
		6014580621540F5100A7C233 /* Location.swift */ = {isa = PBXFileReference; lastKnownFileType = sourcecode.swift; path = Location.swift; sourceTree = "<group>"; };
		6014580821540F5A00A7C233 /* City.swift */ = {isa = PBXFileReference; lastKnownFileType = sourcecode.swift; path = City.swift; sourceTree = "<group>"; };
		6014580A2154280000A7C233 /* WeatherFilters.swift */ = {isa = PBXFileReference; lastKnownFileType = sourcecode.swift; path = WeatherFilters.swift; sourceTree = "<group>"; };
		6014580C21542E9800A7C233 /* CollectionViewData.swift */ = {isa = PBXFileReference; lastKnownFileType = sourcecode.swift; path = CollectionViewData.swift; sourceTree = "<group>"; };
		60359EF92163E31B00CA9594 /* wind.gif */ = {isa = PBXFileReference; lastKnownFileType = image.gif; name = wind.gif; path = images/wind.gif; sourceTree = SOURCE_ROOT; };
		60359EFA2163E31B00CA9594 /* humidity.gif */ = {isa = PBXFileReference; lastKnownFileType = image.gif; name = humidity.gif; path = images/humidity.gif; sourceTree = SOURCE_ROOT; };
		6038145E21509C200060DAB0 /* Weather.app */ = {isa = PBXFileReference; explicitFileType = wrapper.application; includeInIndex = 0; path = Weather.app; sourceTree = BUILT_PRODUCTS_DIR; };
		6038146121509C200060DAB0 /* AppDelegate.swift */ = {isa = PBXFileReference; lastKnownFileType = sourcecode.swift; path = AppDelegate.swift; sourceTree = "<group>"; };
		6038146321509C210060DAB0 /* ViewController.swift */ = {isa = PBXFileReference; lastKnownFileType = sourcecode.swift; path = ViewController.swift; sourceTree = "<group>"; };
		6038146621509C210060DAB0 /* Base */ = {isa = PBXFileReference; lastKnownFileType = file.storyboard; name = Base; path = Base.lproj/Main.storyboard; sourceTree = "<group>"; };
		6038146821509C220060DAB0 /* Assets.xcassets */ = {isa = PBXFileReference; lastKnownFileType = folder.assetcatalog; path = Assets.xcassets; sourceTree = "<group>"; };
		6038146B21509C220060DAB0 /* Base */ = {isa = PBXFileReference; lastKnownFileType = file.storyboard; name = Base; path = Base.lproj/LaunchScreen.storyboard; sourceTree = "<group>"; };
		6038146D21509C220060DAB0 /* Info.plist */ = {isa = PBXFileReference; lastKnownFileType = text.plist.xml; path = Info.plist; sourceTree = "<group>"; };
		6038147221509C220060DAB0 /* WeatherTests.xctest */ = {isa = PBXFileReference; explicitFileType = wrapper.cfbundle; includeInIndex = 0; path = WeatherTests.xctest; sourceTree = BUILT_PRODUCTS_DIR; };
		6038147621509C220060DAB0 /* WeatherTests.swift */ = {isa = PBXFileReference; lastKnownFileType = sourcecode.swift; path = WeatherTests.swift; sourceTree = "<group>"; };
		6038147821509C220060DAB0 /* Info.plist */ = {isa = PBXFileReference; lastKnownFileType = text.plist.xml; path = Info.plist; sourceTree = "<group>"; };
		6038147D21509C220060DAB0 /* WeatherUITests.xctest */ = {isa = PBXFileReference; explicitFileType = wrapper.cfbundle; includeInIndex = 0; path = WeatherUITests.xctest; sourceTree = BUILT_PRODUCTS_DIR; };
		6038148121509C220060DAB0 /* WeatherUITests.swift */ = {isa = PBXFileReference; lastKnownFileType = sourcecode.swift; path = WeatherUITests.swift; sourceTree = "<group>"; };
		6038148321509C220060DAB0 /* Info.plist */ = {isa = PBXFileReference; lastKnownFileType = text.plist.xml; path = Info.plist; sourceTree = "<group>"; };
		603814982152EEF50060DAB0 /* SF-Pro-Display-Thin.otf */ = {isa = PBXFileReference; lastKnownFileType = file; path = "SF-Pro-Display-Thin.otf"; sourceTree = "<group>"; };
		6038149A2152F05A0060DAB0 /* SF-Pro-Display-Ultralight.otf */ = {isa = PBXFileReference; lastKnownFileType = file; path = "SF-Pro-Display-Ultralight.otf"; sourceTree = "<group>"; };
		6038149C2152F8380060DAB0 /* DayCell.swift */ = {isa = PBXFileReference; lastKnownFileType = sourcecode.swift; path = DayCell.swift; sourceTree = "<group>"; };
		603D42A42192622E00444D58 /* SettingsTableViewController.swift */ = {isa = PBXFileReference; lastKnownFileType = sourcecode.swift; path = SettingsTableViewController.swift; sourceTree = "<group>"; };
		603D42A62192630700444D58 /* SettingsData.swift */ = {isa = PBXFileReference; lastKnownFileType = sourcecode.swift; path = SettingsData.swift; sourceTree = "<group>"; };
		603D42A82192635500444D58 /* SettingsTableViewCell.swift */ = {isa = PBXFileReference; lastKnownFileType = sourcecode.swift; path = SettingsTableViewCell.swift; sourceTree = "<group>"; };
		6075AA06215321B5008D7EAB /* CitiesTableViewController.swift */ = {isa = PBXFileReference; lastKnownFileType = sourcecode.swift; path = CitiesTableViewController.swift; sourceTree = "<group>"; };
		6075AA0821532268008D7EAB /* CityTableViewCell.swift */ = {isa = PBXFileReference; lastKnownFileType = sourcecode.swift; path = CityTableViewCell.swift; sourceTree = "<group>"; };
		6083E0A321666E1D00CA3F85 /* data.json */ = {isa = PBXFileReference; fileEncoding = 4; lastKnownFileType = text.json; path = data.json; sourceTree = "<group>"; };
		60889380215BFC06004758FC /* TopDownSegue.swift */ = {isa = PBXFileReference; lastKnownFileType = sourcecode.swift; path = TopDownSegue.swift; sourceTree = "<group>"; };
		60C2DCE4215FE8E8003C998C /* RadarViewController.swift */ = {isa = PBXFileReference; lastKnownFileType = sourcecode.swift; path = RadarViewController.swift; sourceTree = "<group>"; };
		60FE82BF2159531A00DC3792 /* cities.json */ = {isa = PBXFileReference; fileEncoding = 4; lastKnownFileType = text.json; path = cities.json; sourceTree = "<group>"; };
		60FE82C12159532E00DC3792 /* CityData.swift */ = {isa = PBXFileReference; lastKnownFileType = sourcecode.swift; path = CityData.swift; sourceTree = "<group>"; };
		60FE82C32159708900DC3792 /* SearchTableViewController.swift */ = {isa = PBXFileReference; lastKnownFileType = sourcecode.swift; path = SearchTableViewController.swift; sourceTree = "<group>"; };
		60FE82C52159748E00DC3792 /* SearchCell.swift */ = {isa = PBXFileReference; lastKnownFileType = sourcecode.swift; path = SearchCell.swift; sourceTree = "<group>"; };
		60FE83052159A07D00DC3792 /* Model.xcdatamodel */ = {isa = PBXFileReference; lastKnownFileType = wrapper.xcdatamodel; path = Model.xcdatamodel; sourceTree = "<group>"; };
		685A31860D4DF36965DE998D /* Pods-WeatherTests.release.xcconfig */ = {isa = PBXFileReference; includeInIndex = 1; lastKnownFileType = text.xcconfig; name = "Pods-WeatherTests.release.xcconfig"; path = "Pods/Target Support Files/Pods-WeatherTests/Pods-WeatherTests.release.xcconfig"; sourceTree = "<group>"; };
		9C8F170817B2D3926F12ED03 /* Pods-Weather.debug.xcconfig */ = {isa = PBXFileReference; includeInIndex = 1; lastKnownFileType = text.xcconfig; name = "Pods-Weather.debug.xcconfig"; path = "Pods/Target Support Files/Pods-Weather/Pods-Weather.debug.xcconfig"; sourceTree = "<group>"; };
		ADF62E414C342CE0D0CE61B5 /* Pods-WeatherUITests.debug.xcconfig */ = {isa = PBXFileReference; includeInIndex = 1; lastKnownFileType = text.xcconfig; name = "Pods-WeatherUITests.debug.xcconfig"; path = "Pods/Target Support Files/Pods-WeatherUITests/Pods-WeatherUITests.debug.xcconfig"; sourceTree = "<group>"; };
		C269FBD9F6D16DBD917980EB /* Pods_WeatherUITests.framework */ = {isa = PBXFileReference; explicitFileType = wrapper.framework; includeInIndex = 0; path = Pods_WeatherUITests.framework; sourceTree = BUILT_PRODUCTS_DIR; };
		DF9B9486D81A005A80AEAD02 /* Pods-WeatherUITests.release.xcconfig */ = {isa = PBXFileReference; includeInIndex = 1; lastKnownFileType = text.xcconfig; name = "Pods-WeatherUITests.release.xcconfig"; path = "Pods/Target Support Files/Pods-WeatherUITests/Pods-WeatherUITests.release.xcconfig"; sourceTree = "<group>"; };
		FD69213E2386BB1979D6ADA7 /* Pods-WeatherTests.debug.xcconfig */ = {isa = PBXFileReference; includeInIndex = 1; lastKnownFileType = text.xcconfig; name = "Pods-WeatherTests.debug.xcconfig"; path = "Pods/Target Support Files/Pods-WeatherTests/Pods-WeatherTests.debug.xcconfig"; sourceTree = "<group>"; };
/* End PBXFileReference section */

/* Begin PBXFrameworksBuildPhase section */
		6038145B21509C200060DAB0 /* Frameworks */ = {
			isa = PBXFrameworksBuildPhase;
			buildActionMask = 2147483647;
			files = (
				064EAFC4AA0006B98398AB6C /* Pods_Weather.framework in Frameworks */,
			);
			runOnlyForDeploymentPostprocessing = 0;
		};
		6038146F21509C220060DAB0 /* Frameworks */ = {
			isa = PBXFrameworksBuildPhase;
			buildActionMask = 2147483647;
			files = (
				79B5E9943139B4184B24C82E /* Pods_WeatherTests.framework in Frameworks */,
			);
			runOnlyForDeploymentPostprocessing = 0;
		};
		6038147A21509C220060DAB0 /* Frameworks */ = {
			isa = PBXFrameworksBuildPhase;
			buildActionMask = 2147483647;
			files = (
				AEA53AFEF44B152EC4A90123 /* Pods_WeatherUITests.framework in Frameworks */,
			);
			runOnlyForDeploymentPostprocessing = 0;
		};
/* End PBXFrameworksBuildPhase section */

/* Begin PBXGroup section */
		6038145521509C200060DAB0 = {
			isa = PBXGroup;
			children = (
				6038146021509C200060DAB0 /* Weather */,
				6038147521509C220060DAB0 /* WeatherTests */,
				6038148021509C220060DAB0 /* WeatherUITests */,
				6038145F21509C200060DAB0 /* Products */,
				EE2B5BDC2C697FAE6A8A103C /* Pods */,
				8061C5349A0F97367E107B03 /* Frameworks */,
			);
			sourceTree = "<group>";
		};
		6038145F21509C200060DAB0 /* Products */ = {
			isa = PBXGroup;
			children = (
				6038145E21509C200060DAB0 /* Weather.app */,
				6038147221509C220060DAB0 /* WeatherTests.xctest */,
				6038147D21509C220060DAB0 /* WeatherUITests.xctest */,
			);
			name = Products;
			sourceTree = "<group>";
		};
		6038146021509C200060DAB0 /* Weather */ = {
			isa = PBXGroup;
			children = (
				6038146121509C200060DAB0 /* AppDelegate.swift */,
				6038146321509C210060DAB0 /* ViewController.swift */,
				60FE82C32159708900DC3792 /* SearchTableViewController.swift */,
				6075AA06215321B5008D7EAB /* CitiesTableViewController.swift */,
				60C2DCE4215FE8E8003C998C /* RadarViewController.swift */,
				603D42A42192622E00444D58 /* SettingsTableViewController.swift */,
				603D42A62192630700444D58 /* SettingsData.swift */,
				6014580A2154280000A7C233 /* WeatherFilters.swift */,
				601458002154015200A7C233 /* Extensions.swift */,
				6014580621540F5100A7C233 /* Location.swift */,
				60FE82C12159532E00DC3792 /* CityData.swift */,
				6014580821540F5A00A7C233 /* City.swift */,
				6014580C21542E9800A7C233 /* CollectionViewData.swift */,
				60FE82C52159748E00DC3792 /* SearchCell.swift */,
				601457FC21533E7200A7C233 /* HourCell.swift */,
				6038149C2152F8380060DAB0 /* DayCell.swift */,
				6075AA0821532268008D7EAB /* CityTableViewCell.swift */,
				603D42A82192635500444D58 /* SettingsTableViewCell.swift */,
				601457FE21533ECE00A7C233 /* HourCollectionView.swift */,
				60889380215BFC06004758FC /* TopDownSegue.swift */,
				6038146521509C210060DAB0 /* Main.storyboard */,
				60FE83042159A07D00DC3792 /* Model.xcdatamodeld */,
				6038146821509C220060DAB0 /* Assets.xcassets */,
				60359EFA2163E31B00CA9594 /* humidity.gif */,
				60359EF92163E31B00CA9594 /* wind.gif */,
				6038146A21509C220060DAB0 /* LaunchScreen.storyboard */,
				6038149A2152F05A0060DAB0 /* SF-Pro-Display-Ultralight.otf */,
				601457FA215336DF00A7C233 /* SF-Pro-Display-Bold.otf */,
				603814982152EEF50060DAB0 /* SF-Pro-Display-Thin.otf */,
				60FE82BF2159531A00DC3792 /* cities.json */,
				6083E0A321666E1D00CA3F85 /* data.json */,
				6038146D21509C220060DAB0 /* Info.plist */,
			);
			path = Weather;
			sourceTree = "<group>";
		};
		6038147521509C220060DAB0 /* WeatherTests */ = {
			isa = PBXGroup;
			children = (
				6038147621509C220060DAB0 /* WeatherTests.swift */,
				6038147821509C220060DAB0 /* Info.plist */,
			);
			path = WeatherTests;
			sourceTree = "<group>";
		};
		6038148021509C220060DAB0 /* WeatherUITests */ = {
			isa = PBXGroup;
			children = (
				6038148121509C220060DAB0 /* WeatherUITests.swift */,
				6038148321509C220060DAB0 /* Info.plist */,
			);
			path = WeatherUITests;
			sourceTree = "<group>";
		};
		8061C5349A0F97367E107B03 /* Frameworks */ = {
			isa = PBXGroup;
			children = (
				41CDBC1460FFBDE280F65BCF /* Pods_Weather.framework */,
				238EA62F5066626D211FDCF5 /* Pods_WeatherTests.framework */,
				C269FBD9F6D16DBD917980EB /* Pods_WeatherUITests.framework */,
			);
			name = Frameworks;
			sourceTree = "<group>";
		};
		EE2B5BDC2C697FAE6A8A103C /* Pods */ = {
			isa = PBXGroup;
			children = (
				9C8F170817B2D3926F12ED03 /* Pods-Weather.debug.xcconfig */,
				4D18D92B3B150D7F49A72228 /* Pods-Weather.release.xcconfig */,
				FD69213E2386BB1979D6ADA7 /* Pods-WeatherTests.debug.xcconfig */,
				685A31860D4DF36965DE998D /* Pods-WeatherTests.release.xcconfig */,
				ADF62E414C342CE0D0CE61B5 /* Pods-WeatherUITests.debug.xcconfig */,
				DF9B9486D81A005A80AEAD02 /* Pods-WeatherUITests.release.xcconfig */,
			);
			name = Pods;
			sourceTree = "<group>";
		};
/* End PBXGroup section */

/* Begin PBXNativeTarget section */
		6038145D21509C200060DAB0 /* Weather */ = {
			isa = PBXNativeTarget;
			buildConfigurationList = 6038148621509C220060DAB0 /* Build configuration list for PBXNativeTarget "Weather" */;
			buildPhases = (
				25E707249F7A5D35F6C8DDDB /* [CP] Check Pods Manifest.lock */,
				6038145A21509C200060DAB0 /* Sources */,
				6038145B21509C200060DAB0 /* Frameworks */,
				6038145C21509C200060DAB0 /* Resources */,
				47BD759B5AB944D56ABD6F83 /* [CP] Embed Pods Frameworks */,
			);
			buildRules = (
			);
			dependencies = (
			);
			name = Weather;
			productName = Weather;
			productReference = 6038145E21509C200060DAB0 /* Weather.app */;
			productType = "com.apple.product-type.application";
		};
		6038147121509C220060DAB0 /* WeatherTests */ = {
			isa = PBXNativeTarget;
			buildConfigurationList = 6038148921509C220060DAB0 /* Build configuration list for PBXNativeTarget "WeatherTests" */;
			buildPhases = (
				8CECEFC842E0E320A4883468 /* [CP] Check Pods Manifest.lock */,
				6038146E21509C220060DAB0 /* Sources */,
				6038146F21509C220060DAB0 /* Frameworks */,
				6038147021509C220060DAB0 /* Resources */,
			);
			buildRules = (
			);
			dependencies = (
				6038147421509C220060DAB0 /* PBXTargetDependency */,
			);
			name = WeatherTests;
			productName = WeatherTests;
			productReference = 6038147221509C220060DAB0 /* WeatherTests.xctest */;
			productType = "com.apple.product-type.bundle.unit-test";
		};
		6038147C21509C220060DAB0 /* WeatherUITests */ = {
			isa = PBXNativeTarget;
			buildConfigurationList = 6038148C21509C220060DAB0 /* Build configuration list for PBXNativeTarget "WeatherUITests" */;
			buildPhases = (
				A40048A7C2FF0AC63BBE9162 /* [CP] Check Pods Manifest.lock */,
				6038147921509C220060DAB0 /* Sources */,
				6038147A21509C220060DAB0 /* Frameworks */,
				6038147B21509C220060DAB0 /* Resources */,
			);
			buildRules = (
			);
			dependencies = (
				6038147F21509C220060DAB0 /* PBXTargetDependency */,
			);
			name = WeatherUITests;
			productName = WeatherUITests;
			productReference = 6038147D21509C220060DAB0 /* WeatherUITests.xctest */;
			productType = "com.apple.product-type.bundle.ui-testing";
		};
/* End PBXNativeTarget section */

/* Begin PBXProject section */
		6038145621509C200060DAB0 /* Project object */ = {
			isa = PBXProject;
			attributes = {
				LastSwiftUpdateCheck = 0940;
				LastUpgradeCheck = 0940;
				ORGANIZATIONNAME = "Grant Maloney";
				TargetAttributes = {
					6038145D21509C200060DAB0 = {
						CreatedOnToolsVersion = 9.4.1;
					};
					6038147121509C220060DAB0 = {
						CreatedOnToolsVersion = 9.4.1;
						TestTargetID = 6038145D21509C200060DAB0;
					};
					6038147C21509C220060DAB0 = {
						CreatedOnToolsVersion = 9.4.1;
						TestTargetID = 6038145D21509C200060DAB0;
					};
				};
			};
			buildConfigurationList = 6038145921509C200060DAB0 /* Build configuration list for PBXProject "WeatherX" */;
			compatibilityVersion = "Xcode 9.3";
			developmentRegion = en;
			hasScannedForEncodings = 0;
			knownRegions = (
				en,
				Base,
			);
			mainGroup = 6038145521509C200060DAB0;
			productRefGroup = 6038145F21509C200060DAB0 /* Products */;
			projectDirPath = "";
			projectRoot = "";
			targets = (
				6038145D21509C200060DAB0 /* Weather */,
				6038147121509C220060DAB0 /* WeatherTests */,
				6038147C21509C220060DAB0 /* WeatherUITests */,
			);
		};
/* End PBXProject section */

/* Begin PBXResourcesBuildPhase section */
		6038145C21509C200060DAB0 /* Resources */ = {
			isa = PBXResourcesBuildPhase;
			buildActionMask = 2147483647;
			files = (
				603814992152EF790060DAB0 /* SF-Pro-Display-Thin.otf in Resources */,
				6038146C21509C220060DAB0 /* LaunchScreen.storyboard in Resources */,
				60359EFB2163E31B00CA9594 /* wind.gif in Resources */,
				6083E0A421666E1D00CA3F85 /* data.json in Resources */,
				601457FB215336E400A7C233 /* SF-Pro-Display-Bold.otf in Resources */,
				6038149B2152F05B0060DAB0 /* SF-Pro-Display-Ultralight.otf in Resources */,
				60FE82C02159531B00DC3792 /* cities.json in Resources */,
				6038146921509C220060DAB0 /* Assets.xcassets in Resources */,
				6038146721509C210060DAB0 /* Main.storyboard in Resources */,
				60359EFC2163E31B00CA9594 /* humidity.gif in Resources */,
			);
			runOnlyForDeploymentPostprocessing = 0;
		};
		6038147021509C220060DAB0 /* Resources */ = {
			isa = PBXResourcesBuildPhase;
			buildActionMask = 2147483647;
			files = (
			);
			runOnlyForDeploymentPostprocessing = 0;
		};
		6038147B21509C220060DAB0 /* Resources */ = {
			isa = PBXResourcesBuildPhase;
			buildActionMask = 2147483647;
			files = (
			);
			runOnlyForDeploymentPostprocessing = 0;
		};
/* End PBXResourcesBuildPhase section */

/* Begin PBXShellScriptBuildPhase section */
		25E707249F7A5D35F6C8DDDB /* [CP] Check Pods Manifest.lock */ = {
			isa = PBXShellScriptBuildPhase;
			buildActionMask = 2147483647;
			files = (
			);
			inputPaths = (
				"${PODS_PODFILE_DIR_PATH}/Podfile.lock",
				"${PODS_ROOT}/Manifest.lock",
			);
			name = "[CP] Check Pods Manifest.lock";
			outputPaths = (
				"$(DERIVED_FILE_DIR)/Pods-Weather-checkManifestLockResult.txt",
			);
			runOnlyForDeploymentPostprocessing = 0;
			shellPath = /bin/sh;
			shellScript = "diff \"${PODS_PODFILE_DIR_PATH}/Podfile.lock\" \"${PODS_ROOT}/Manifest.lock\" > /dev/null\nif [ $? != 0 ] ; then\n    # print error to STDERR\n    echo \"error: The sandbox is not in sync with the Podfile.lock. Run 'pod install' or update your CocoaPods installation.\" >&2\n    exit 1\nfi\n# This output is used by Xcode 'outputs' to avoid re-running this script phase.\necho \"SUCCESS\" > \"${SCRIPT_OUTPUT_FILE_0}\"\n";
			showEnvVarsInLog = 0;
		};
		47BD759B5AB944D56ABD6F83 /* [CP] Embed Pods Frameworks */ = {
			isa = PBXShellScriptBuildPhase;
			buildActionMask = 2147483647;
			files = (
			);
			inputPaths = (
				"${SRCROOT}/Pods/Target Support Files/Pods-Weather/Pods-Weather-frameworks.sh",
				"${PODS_ROOT}/AerisWeather/lib/AerisCore.framework",
				"${PODS_ROOT}/AerisWeather/lib/AerisCoreUI.framework",
				"${PODS_ROOT}/AerisWeather/lib/AerisWeatherKit.framework",
				"${PODS_ROOT}/AerisWeather/lib/AerisMapKit.framework",
				"${BUILT_PRODUCTS_DIR}/ForecastIO/ForecastIO.framework",
			);
			name = "[CP] Embed Pods Frameworks";
			outputPaths = (
				"${TARGET_BUILD_DIR}/${FRAMEWORKS_FOLDER_PATH}/AerisCore.framework",
				"${TARGET_BUILD_DIR}/${FRAMEWORKS_FOLDER_PATH}/AerisCoreUI.framework",
				"${TARGET_BUILD_DIR}/${FRAMEWORKS_FOLDER_PATH}/AerisWeatherKit.framework",
				"${TARGET_BUILD_DIR}/${FRAMEWORKS_FOLDER_PATH}/AerisMapKit.framework",
				"${TARGET_BUILD_DIR}/${FRAMEWORKS_FOLDER_PATH}/ForecastIO.framework",
			);
			runOnlyForDeploymentPostprocessing = 0;
			shellPath = /bin/sh;
			shellScript = "\"${SRCROOT}/Pods/Target Support Files/Pods-Weather/Pods-Weather-frameworks.sh\"\n";
			showEnvVarsInLog = 0;
		};
		8CECEFC842E0E320A4883468 /* [CP] Check Pods Manifest.lock */ = {
			isa = PBXShellScriptBuildPhase;
			buildActionMask = 2147483647;
			files = (
			);
			inputPaths = (
				"${PODS_PODFILE_DIR_PATH}/Podfile.lock",
				"${PODS_ROOT}/Manifest.lock",
			);
			name = "[CP] Check Pods Manifest.lock";
			outputPaths = (
				"$(DERIVED_FILE_DIR)/Pods-WeatherTests-checkManifestLockResult.txt",
			);
			runOnlyForDeploymentPostprocessing = 0;
			shellPath = /bin/sh;
			shellScript = "diff \"${PODS_PODFILE_DIR_PATH}/Podfile.lock\" \"${PODS_ROOT}/Manifest.lock\" > /dev/null\nif [ $? != 0 ] ; then\n    # print error to STDERR\n    echo \"error: The sandbox is not in sync with the Podfile.lock. Run 'pod install' or update your CocoaPods installation.\" >&2\n    exit 1\nfi\n# This output is used by Xcode 'outputs' to avoid re-running this script phase.\necho \"SUCCESS\" > \"${SCRIPT_OUTPUT_FILE_0}\"\n";
			showEnvVarsInLog = 0;
		};
		A40048A7C2FF0AC63BBE9162 /* [CP] Check Pods Manifest.lock */ = {
			isa = PBXShellScriptBuildPhase;
			buildActionMask = 2147483647;
			files = (
			);
			inputPaths = (
				"${PODS_PODFILE_DIR_PATH}/Podfile.lock",
				"${PODS_ROOT}/Manifest.lock",
			);
			name = "[CP] Check Pods Manifest.lock";
			outputPaths = (
				"$(DERIVED_FILE_DIR)/Pods-WeatherUITests-checkManifestLockResult.txt",
			);
			runOnlyForDeploymentPostprocessing = 0;
			shellPath = /bin/sh;
			shellScript = "diff \"${PODS_PODFILE_DIR_PATH}/Podfile.lock\" \"${PODS_ROOT}/Manifest.lock\" > /dev/null\nif [ $? != 0 ] ; then\n    # print error to STDERR\n    echo \"error: The sandbox is not in sync with the Podfile.lock. Run 'pod install' or update your CocoaPods installation.\" >&2\n    exit 1\nfi\n# This output is used by Xcode 'outputs' to avoid re-running this script phase.\necho \"SUCCESS\" > \"${SCRIPT_OUTPUT_FILE_0}\"\n";
			showEnvVarsInLog = 0;
		};
/* End PBXShellScriptBuildPhase section */

/* Begin PBXSourcesBuildPhase section */
		6038145A21509C200060DAB0 /* Sources */ = {
			isa = PBXSourcesBuildPhase;
			buildActionMask = 2147483647;
			files = (
				601457FF21533ECE00A7C233 /* HourCollectionView.swift in Sources */,
				60FE82C62159748E00DC3792 /* SearchCell.swift in Sources */,
				6038146421509C210060DAB0 /* ViewController.swift in Sources */,
				60FE82C22159532E00DC3792 /* CityData.swift in Sources */,
				60FE82C42159708900DC3792 /* SearchTableViewController.swift in Sources */,
				6014580721540F5100A7C233 /* Location.swift in Sources */,
				6038149D2152F8380060DAB0 /* DayCell.swift in Sources */,
				60889381215BFC06004758FC /* TopDownSegue.swift in Sources */,
				6014580B2154280000A7C233 /* WeatherFilters.swift in Sources */,
				6075AA0921532268008D7EAB /* CityTableViewCell.swift in Sources */,
				6014580D21542E9800A7C233 /* CollectionViewData.swift in Sources */,
				603D42A92192635500444D58 /* SettingsTableViewCell.swift in Sources */,
				60C2DCE5215FE8E8003C998C /* RadarViewController.swift in Sources */,
				603D42A72192630700444D58 /* SettingsData.swift in Sources */,
				601457FD21533E7200A7C233 /* HourCell.swift in Sources */,
				60FE83062159A07D00DC3792 /* Model.xcdatamodeld in Sources */,
				6014580921540F5A00A7C233 /* City.swift in Sources */,
				6075AA07215321B5008D7EAB /* CitiesTableViewController.swift in Sources */,
				603D42A52192622E00444D58 /* SettingsTableViewController.swift in Sources */,
				601458012154015200A7C233 /* Extensions.swift in Sources */,
				6038146221509C200060DAB0 /* AppDelegate.swift in Sources */,
			);
			runOnlyForDeploymentPostprocessing = 0;
		};
		6038146E21509C220060DAB0 /* Sources */ = {
			isa = PBXSourcesBuildPhase;
			buildActionMask = 2147483647;
			files = (
				6038147721509C220060DAB0 /* WeatherTests.swift in Sources */,
			);
			runOnlyForDeploymentPostprocessing = 0;
		};
		6038147921509C220060DAB0 /* Sources */ = {
			isa = PBXSourcesBuildPhase;
			buildActionMask = 2147483647;
			files = (
				6038148221509C220060DAB0 /* WeatherUITests.swift in Sources */,
			);
			runOnlyForDeploymentPostprocessing = 0;
		};
/* End PBXSourcesBuildPhase section */

/* Begin PBXTargetDependency section */
		6038147421509C220060DAB0 /* PBXTargetDependency */ = {
			isa = PBXTargetDependency;
			target = 6038145D21509C200060DAB0 /* Weather */;
			targetProxy = 6038147321509C220060DAB0 /* PBXContainerItemProxy */;
		};
		6038147F21509C220060DAB0 /* PBXTargetDependency */ = {
			isa = PBXTargetDependency;
			target = 6038145D21509C200060DAB0 /* Weather */;
			targetProxy = 6038147E21509C220060DAB0 /* PBXContainerItemProxy */;
		};
/* End PBXTargetDependency section */

/* Begin PBXVariantGroup section */
		6038146521509C210060DAB0 /* Main.storyboard */ = {
			isa = PBXVariantGroup;
			children = (
				6038146621509C210060DAB0 /* Base */,
			);
			name = Main.storyboard;
			sourceTree = "<group>";
		};
		6038146A21509C220060DAB0 /* LaunchScreen.storyboard */ = {
			isa = PBXVariantGroup;
			children = (
				6038146B21509C220060DAB0 /* Base */,
			);
			name = LaunchScreen.storyboard;
			sourceTree = "<group>";
		};
/* End PBXVariantGroup section */

/* Begin XCBuildConfiguration section */
		6038148421509C220060DAB0 /* Debug */ = {
			isa = XCBuildConfiguration;
			buildSettings = {
				ALWAYS_SEARCH_USER_PATHS = NO;
				CLANG_ANALYZER_NONNULL = YES;
				CLANG_ANALYZER_NUMBER_OBJECT_CONVERSION = YES_AGGRESSIVE;
				CLANG_CXX_LANGUAGE_STANDARD = "gnu++14";
				CLANG_CXX_LIBRARY = "libc++";
				CLANG_ENABLE_MODULES = YES;
				CLANG_ENABLE_OBJC_ARC = YES;
				CLANG_ENABLE_OBJC_WEAK = YES;
				CLANG_WARN_BLOCK_CAPTURE_AUTORELEASING = YES;
				CLANG_WARN_BOOL_CONVERSION = YES;
				CLANG_WARN_COMMA = YES;
				CLANG_WARN_CONSTANT_CONVERSION = YES;
				CLANG_WARN_DEPRECATED_OBJC_IMPLEMENTATIONS = YES;
				CLANG_WARN_DIRECT_OBJC_ISA_USAGE = YES_ERROR;
				CLANG_WARN_DOCUMENTATION_COMMENTS = YES;
				CLANG_WARN_EMPTY_BODY = YES;
				CLANG_WARN_ENUM_CONVERSION = YES;
				CLANG_WARN_INFINITE_RECURSION = YES;
				CLANG_WARN_INT_CONVERSION = YES;
				CLANG_WARN_NON_LITERAL_NULL_CONVERSION = YES;
				CLANG_WARN_OBJC_IMPLICIT_RETAIN_SELF = YES;
				CLANG_WARN_OBJC_LITERAL_CONVERSION = YES;
				CLANG_WARN_OBJC_ROOT_CLASS = YES_ERROR;
				CLANG_WARN_RANGE_LOOP_ANALYSIS = YES;
				CLANG_WARN_STRICT_PROTOTYPES = YES;
				CLANG_WARN_SUSPICIOUS_MOVE = YES;
				CLANG_WARN_UNGUARDED_AVAILABILITY = YES_AGGRESSIVE;
				CLANG_WARN_UNREACHABLE_CODE = YES;
				CLANG_WARN__DUPLICATE_METHOD_MATCH = YES;
				CODE_SIGN_IDENTITY = "iPhone Developer";
				COPY_PHASE_STRIP = NO;
				DEBUG_INFORMATION_FORMAT = dwarf;
				ENABLE_STRICT_OBJC_MSGSEND = YES;
				ENABLE_TESTABILITY = YES;
				GCC_C_LANGUAGE_STANDARD = gnu11;
				GCC_DYNAMIC_NO_PIC = NO;
				GCC_NO_COMMON_BLOCKS = YES;
				GCC_OPTIMIZATION_LEVEL = 0;
				GCC_PREPROCESSOR_DEFINITIONS = (
					"DEBUG=1",
					"$(inherited)",
				);
				GCC_WARN_64_TO_32_BIT_CONVERSION = YES;
				GCC_WARN_ABOUT_RETURN_TYPE = YES_ERROR;
				GCC_WARN_UNDECLARED_SELECTOR = YES;
				GCC_WARN_UNINITIALIZED_AUTOS = YES_AGGRESSIVE;
				GCC_WARN_UNUSED_FUNCTION = YES;
				GCC_WARN_UNUSED_VARIABLE = YES;
				IPHONEOS_DEPLOYMENT_TARGET = 11.4;
				MTL_ENABLE_DEBUG_INFO = YES;
				ONLY_ACTIVE_ARCH = YES;
				SDKROOT = iphoneos;
				SWIFT_ACTIVE_COMPILATION_CONDITIONS = DEBUG;
				SWIFT_OPTIMIZATION_LEVEL = "-Onone";
			};
			name = Debug;
		};
		6038148521509C220060DAB0 /* Release */ = {
			isa = XCBuildConfiguration;
			buildSettings = {
				ALWAYS_SEARCH_USER_PATHS = NO;
				CLANG_ANALYZER_NONNULL = YES;
				CLANG_ANALYZER_NUMBER_OBJECT_CONVERSION = YES_AGGRESSIVE;
				CLANG_CXX_LANGUAGE_STANDARD = "gnu++14";
				CLANG_CXX_LIBRARY = "libc++";
				CLANG_ENABLE_MODULES = YES;
				CLANG_ENABLE_OBJC_ARC = YES;
				CLANG_ENABLE_OBJC_WEAK = YES;
				CLANG_WARN_BLOCK_CAPTURE_AUTORELEASING = YES;
				CLANG_WARN_BOOL_CONVERSION = YES;
				CLANG_WARN_COMMA = YES;
				CLANG_WARN_CONSTANT_CONVERSION = YES;
				CLANG_WARN_DEPRECATED_OBJC_IMPLEMENTATIONS = YES;
				CLANG_WARN_DIRECT_OBJC_ISA_USAGE = YES_ERROR;
				CLANG_WARN_DOCUMENTATION_COMMENTS = YES;
				CLANG_WARN_EMPTY_BODY = YES;
				CLANG_WARN_ENUM_CONVERSION = YES;
				CLANG_WARN_INFINITE_RECURSION = YES;
				CLANG_WARN_INT_CONVERSION = YES;
				CLANG_WARN_NON_LITERAL_NULL_CONVERSION = YES;
				CLANG_WARN_OBJC_IMPLICIT_RETAIN_SELF = YES;
				CLANG_WARN_OBJC_LITERAL_CONVERSION = YES;
				CLANG_WARN_OBJC_ROOT_CLASS = YES_ERROR;
				CLANG_WARN_RANGE_LOOP_ANALYSIS = YES;
				CLANG_WARN_STRICT_PROTOTYPES = YES;
				CLANG_WARN_SUSPICIOUS_MOVE = YES;
				CLANG_WARN_UNGUARDED_AVAILABILITY = YES_AGGRESSIVE;
				CLANG_WARN_UNREACHABLE_CODE = YES;
				CLANG_WARN__DUPLICATE_METHOD_MATCH = YES;
				CODE_SIGN_IDENTITY = "iPhone Developer";
				COPY_PHASE_STRIP = NO;
				DEBUG_INFORMATION_FORMAT = "dwarf-with-dsym";
				ENABLE_NS_ASSERTIONS = NO;
				ENABLE_STRICT_OBJC_MSGSEND = YES;
				GCC_C_LANGUAGE_STANDARD = gnu11;
				GCC_NO_COMMON_BLOCKS = YES;
				GCC_WARN_64_TO_32_BIT_CONVERSION = YES;
				GCC_WARN_ABOUT_RETURN_TYPE = YES_ERROR;
				GCC_WARN_UNDECLARED_SELECTOR = YES;
				GCC_WARN_UNINITIALIZED_AUTOS = YES_AGGRESSIVE;
				GCC_WARN_UNUSED_FUNCTION = YES;
				GCC_WARN_UNUSED_VARIABLE = YES;
				IPHONEOS_DEPLOYMENT_TARGET = 11.4;
				MTL_ENABLE_DEBUG_INFO = NO;
				SDKROOT = iphoneos;
				SWIFT_COMPILATION_MODE = wholemodule;
				SWIFT_OPTIMIZATION_LEVEL = "-O";
				VALIDATE_PRODUCT = YES;
			};
			name = Release;
		};
		6038148721509C220060DAB0 /* Debug */ = {
			isa = XCBuildConfiguration;
			baseConfigurationReference = 9C8F170817B2D3926F12ED03 /* Pods-Weather.debug.xcconfig */;
			buildSettings = {
				ASSETCATALOG_COMPILER_APPICON_NAME = AppIcon;
				CODE_SIGN_STYLE = Automatic;
				DEVELOPMENT_TEAM = 4FNJNUQ3AD;
				INFOPLIST_FILE = Weather/Info.plist;
				IPHONEOS_DEPLOYMENT_TARGET = 11.1;
				LD_RUNPATH_SEARCH_PATHS = (
					"$(inherited)",
					"@executable_path/Frameworks",
				);
				PRODUCT_BUNDLE_IDENTIFIER = com.gpmpn2.WeatherX;
				PRODUCT_NAME = "$(TARGET_NAME)";
				SWIFT_VERSION = 4.0;
				TARGETED_DEVICE_FAMILY = "1,2";
			};
			name = Debug;
		};
		6038148821509C220060DAB0 /* Release */ = {
			isa = XCBuildConfiguration;
			baseConfigurationReference = 4D18D92B3B150D7F49A72228 /* Pods-Weather.release.xcconfig */;
			buildSettings = {
				ASSETCATALOG_COMPILER_APPICON_NAME = AppIcon;
				CODE_SIGN_STYLE = Automatic;
				DEVELOPMENT_TEAM = 4FNJNUQ3AD;
				INFOPLIST_FILE = Weather/Info.plist;
				IPHONEOS_DEPLOYMENT_TARGET = 11.1;
				LD_RUNPATH_SEARCH_PATHS = (
					"$(inherited)",
					"@executable_path/Frameworks",
				);
				PRODUCT_BUNDLE_IDENTIFIER = com.gpmpn2.WeatherX;
				PRODUCT_NAME = "$(TARGET_NAME)";
				SWIFT_VERSION = 4.0;
				TARGETED_DEVICE_FAMILY = "1,2";
			};
			name = Release;
		};
		6038148A21509C220060DAB0 /* Debug */ = {
			isa = XCBuildConfiguration;
			baseConfigurationReference = FD69213E2386BB1979D6ADA7 /* Pods-WeatherTests.debug.xcconfig */;
			buildSettings = {
				ALWAYS_EMBED_SWIFT_STANDARD_LIBRARIES = YES;
				BUNDLE_LOADER = "$(TEST_HOST)";
				CODE_SIGN_STYLE = Automatic;
				DEVELOPMENT_TEAM = WAQY4YN2JJ;
				INFOPLIST_FILE = WeatherTests/Info.plist;
				LD_RUNPATH_SEARCH_PATHS = (
					"$(inherited)",
					"@executable_path/Frameworks",
					"@loader_path/Frameworks",
				);
				PRODUCT_BUNDLE_IDENTIFIER = com.gpmpn2.WeatherTests;
				PRODUCT_NAME = "$(TARGET_NAME)";
				SWIFT_VERSION = 4.0;
				TARGETED_DEVICE_FAMILY = "1,2";
				TEST_HOST = "$(BUILT_PRODUCTS_DIR)/Weather.app/Weather";
			};
			name = Debug;
		};
		6038148B21509C220060DAB0 /* Release */ = {
			isa = XCBuildConfiguration;
			baseConfigurationReference = 685A31860D4DF36965DE998D /* Pods-WeatherTests.release.xcconfig */;
			buildSettings = {
				ALWAYS_EMBED_SWIFT_STANDARD_LIBRARIES = YES;
				BUNDLE_LOADER = "$(TEST_HOST)";
				CODE_SIGN_STYLE = Automatic;
				DEVELOPMENT_TEAM = WAQY4YN2JJ;
				INFOPLIST_FILE = WeatherTests/Info.plist;
				LD_RUNPATH_SEARCH_PATHS = (
					"$(inherited)",
					"@executable_path/Frameworks",
					"@loader_path/Frameworks",
				);
				PRODUCT_BUNDLE_IDENTIFIER = com.gpmpn2.WeatherTests;
				PRODUCT_NAME = "$(TARGET_NAME)";
				SWIFT_VERSION = 4.0;
				TARGETED_DEVICE_FAMILY = "1,2";
				TEST_HOST = "$(BUILT_PRODUCTS_DIR)/Weather.app/Weather";
			};
			name = Release;
		};
		6038148D21509C220060DAB0 /* Debug */ = {
			isa = XCBuildConfiguration;
			baseConfigurationReference = ADF62E414C342CE0D0CE61B5 /* Pods-WeatherUITests.debug.xcconfig */;
			buildSettings = {
				ALWAYS_EMBED_SWIFT_STANDARD_LIBRARIES = YES;
				CODE_SIGN_STYLE = Automatic;
				DEVELOPMENT_TEAM = WAQY4YN2JJ;
				INFOPLIST_FILE = WeatherUITests/Info.plist;
				LD_RUNPATH_SEARCH_PATHS = (
					"$(inherited)",
					"@executable_path/Frameworks",
					"@loader_path/Frameworks",
				);
				PRODUCT_BUNDLE_IDENTIFIER = com.gpmpn2.WeatherUITests;
				PRODUCT_NAME = "$(TARGET_NAME)";
				SWIFT_VERSION = 4.0;
				TARGETED_DEVICE_FAMILY = "1,2";
				TEST_TARGET_NAME = Weather;
			};
			name = Debug;
		};
		6038148E21509C220060DAB0 /* Release */ = {
			isa = XCBuildConfiguration;
			baseConfigurationReference = DF9B9486D81A005A80AEAD02 /* Pods-WeatherUITests.release.xcconfig */;
			buildSettings = {
				ALWAYS_EMBED_SWIFT_STANDARD_LIBRARIES = YES;
				CODE_SIGN_STYLE = Automatic;
				DEVELOPMENT_TEAM = WAQY4YN2JJ;
				INFOPLIST_FILE = WeatherUITests/Info.plist;
				LD_RUNPATH_SEARCH_PATHS = (
					"$(inherited)",
					"@executable_path/Frameworks",
					"@loader_path/Frameworks",
				);
				PRODUCT_BUNDLE_IDENTIFIER = com.gpmpn2.WeatherUITests;
				PRODUCT_NAME = "$(TARGET_NAME)";
				SWIFT_VERSION = 4.0;
				TARGETED_DEVICE_FAMILY = "1,2";
				TEST_TARGET_NAME = Weather;
			};
			name = Release;
		};
/* End XCBuildConfiguration section */

/* Begin XCConfigurationList section */
		6038145921509C200060DAB0 /* Build configuration list for PBXProject "WeatherX" */ = {
			isa = XCConfigurationList;
			buildConfigurations = (
				6038148421509C220060DAB0 /* Debug */,
				6038148521509C220060DAB0 /* Release */,
			);
			defaultConfigurationIsVisible = 0;
			defaultConfigurationName = Release;
		};
		6038148621509C220060DAB0 /* Build configuration list for PBXNativeTarget "Weather" */ = {
			isa = XCConfigurationList;
			buildConfigurations = (
				6038148721509C220060DAB0 /* Debug */,
				6038148821509C220060DAB0 /* Release */,
			);
			defaultConfigurationIsVisible = 0;
			defaultConfigurationName = Release;
		};
		6038148921509C220060DAB0 /* Build configuration list for PBXNativeTarget "WeatherTests" */ = {
			isa = XCConfigurationList;
			buildConfigurations = (
				6038148A21509C220060DAB0 /* Debug */,
				6038148B21509C220060DAB0 /* Release */,
			);
			defaultConfigurationIsVisible = 0;
			defaultConfigurationName = Release;
		};
		6038148C21509C220060DAB0 /* Build configuration list for PBXNativeTarget "WeatherUITests" */ = {
			isa = XCConfigurationList;
			buildConfigurations = (
				6038148D21509C220060DAB0 /* Debug */,
				6038148E21509C220060DAB0 /* Release */,
			);
			defaultConfigurationIsVisible = 0;
			defaultConfigurationName = Release;
		};
/* End XCConfigurationList section */

/* Begin XCVersionGroup section */
		60FE83042159A07D00DC3792 /* Model.xcdatamodeld */ = {
			isa = XCVersionGroup;
			children = (
				60FE83052159A07D00DC3792 /* Model.xcdatamodel */,
			);
			currentVersion = 60FE83052159A07D00DC3792 /* Model.xcdatamodel */;
			path = Model.xcdatamodeld;
			sourceTree = "<group>";
			versionGroupType = wrapper.xcdatamodel;
		};
/* End XCVersionGroup section */
	};
	rootObject = 6038145621509C200060DAB0 /* Project object */;
}
